
Microsoft Visual Studio Solution File, Format Version 12.00
# Visual Studio Version 17
VisualStudioVersion = 17.9.34616.47
MinimumVisualStudioVersion = 10.0.40219.1
Project("{FAE04EC0-301F-11D3-BF4B-00C04F79EFBC}") = "lab3task3", "lab3task3\lab3task3.csproj", "{E6EBD2E1-FF18-43CD-A013-C0FE205B7B51}"
EndProject
Global
	GlobalSection(SolutionConfigurationPlatforms) = preSolution
		Debug|Any CPU = Debug|Any CPU
		Release|Any CPU = Release|Any CPU
	EndGlobalSection
	GlobalSection(ProjectConfigurationPlatforms) = postSolution
		{E6EBD2E1-FF18-43CD-A013-C0FE205B7B51}.Debug|Any CPU.ActiveCfg = Debug|Any CPU
		{E6EBD2E1-FF18-43CD-A013-C0FE205B7B51}.Debug|Any CPU.Build.0 = Debug|Any CPU
		{E6EBD2E1-FF18-43CD-A013-C0FE205B7B51}.Release|Any CPU.ActiveCfg = Release|Any CPU
		{E6EBD2E1-FF18-43CD-A013-C0FE205B7B51}.Release|Any CPU.Build.0 = Release|Any CPU
	EndGlobalSection
	GlobalSection(SolutionProperties) = preSolution
		HideSolutionNode = FALSE
	EndGlobalSection
	GlobalSection(ExtensibilityGlobals) = postSolution
		SolutionGuid = {86C05A52-F8AC-417C-8EC5-3D1194A80E61}
	EndGlobalSection
EndGlobal
